Microsoft Visual Studio Solution File, Format Version 8.00
Project("{8BC9CEB8-8B4A-11D0-8D11-00A0C91BC942}") = "Okuma.CLDATAPI", "..\..\..\V1.15.1.0\Thinc-API-Lathe\CLDATAPI\CLDATAPI.vcproj", "{78FBE75B-8999-48D4-BC8D-534E1C6A2216}"
	ProjectSection(ProjectDependencies) = postProject
	EndProjectSection
EndProject
Project("{F184B08F-C81C-45F6-A57F-5ABD9991F28F}") = "Okuma.CLCMDAPI", "..\..\..\V1.15.1.0\Thinc-API-Lathe\CLCMDAPI\Okuma.CLCMDAPI.vbproj", "{C40B32A4-4EDE-4280-82E2-2B26A21207A7}"
	ProjectSection(ProjectDependencies) = postProject
	EndProjectSection
EndProject
Project("{F184B08F-C81C-45F6-A57F-5ABD9991F28F}") = "thincLathe", "..\..\..\V1.15.1.0\Thinc-API-Lathe\ThincLathe\thincLathe.vbproj", "{CEBCBDF7-D54D-4632-B71D-8B8F94B10249}"
	ProjectSection(ProjectDependencies) = postProject
	EndProjectSection
EndProject
Global
	GlobalSection(SolutionConfiguration) = preSolution
		Debug = Debug
		Release = Release
	EndGlobalSection
	GlobalSection(ProjectDependencies) = postSolution
	EndGlobalSection
	GlobalSection(ProjectConfiguration) = postSolution
		{78FBE75B-8999-48D4-BC8D-534E1C6A2216}.Debug.ActiveCfg = Debug|Win32
		{78FBE75B-8999-48D4-BC8D-534E1C6A2216}.Debug.Build.0 = Debug|Win32
		{78FBE75B-8999-48D4-BC8D-534E1C6A2216}.Release.ActiveCfg = Release|Win32
		{78FBE75B-8999-48D4-BC8D-534E1C6A2216}.Release.Build.0 = Release|Win32
		{C40B32A4-4EDE-4280-82E2-2B26A21207A7}.Debug.ActiveCfg = Debug|.NET
		{C40B32A4-4EDE-4280-82E2-2B26A21207A7}.Debug.Build.0 = Debug|.NET
		{C40B32A4-4EDE-4280-82E2-2B26A21207A7}.Release.ActiveCfg = Release|.NET
		{C40B32A4-4EDE-4280-82E2-2B26A21207A7}.Release.Build.0 = Release|.NET
		{CEBCBDF7-D54D-4632-B71D-8B8F94B10249}.Debug.ActiveCfg = Debug|.NET
		{CEBCBDF7-D54D-4632-B71D-8B8F94B10249}.Debug.Build.0 = Debug|.NET
		{CEBCBDF7-D54D-4632-B71D-8B8F94B10249}.Release.ActiveCfg = Release|.NET
		{CEBCBDF7-D54D-4632-B71D-8B8F94B10249}.Release.Build.0 = Release|.NET
	EndGlobalSection
	GlobalSection(ExtensibilityGlobals) = postSolution
	EndGlobalSection
	GlobalSection(ExtensibilityAddIns) = postSolution
	EndGlobalSection
EndGlobal
